Microsoft Visual Studio Solution File, Format Version 12.00
# Visual Studio Version 17
VisualStudioVersion = 17.13.35825.156
MinimumVisualStudioVersion = 10.0.40219.1
Project("{FAE04EC0-301F-11D3-BF4B-00C04F79EFBC}") = "CRUDinBlazor", "CRUDinBlazor\CRUDinBlazor.csproj", "{FE5D5A5C-40CB-4CFE-8412-1B1EDAAA98F0}"
EndProject
Global
	GlobalSection(SolutionConfigurationPlatforms) = preSolution
		Debug|Any CPU = Debug|Any CPU
		Release|Any CPU = Release|Any CPU
	EndGlobalSection
	GlobalSection(ProjectConfigurationPlatforms) = postSolution
		{FE5D5A5C-40CB-4CFE-8412-1B1EDAAA98F0}.Debug|Any CPU.ActiveCfg = Debug|Any CPU
		{FE5D5A5C-40CB-4CFE-8412-1B1EDAAA98F0}.Debug|Any CPU.Build.0 = Debug|Any CPU
		{FE5D5A5C-40CB-4CFE-8412-1B1EDAAA98F0}.Release|Any CPU.ActiveCfg = Release|Any CPU
		{FE5D5A5C-40CB-4CFE-8412-1B1EDAAA98F0}.Release|Any CPU.Build.0 = Release|Any CPU
	EndGlobalSection
	GlobalSection(SolutionProperties) = preSolution
		HideSolutionNode = FALSE
	EndGlobalSection
	GlobalSection(ExtensibilityGlobals) = postSolution
		SolutionGuid = {3C14D910-BFDC-44E2-A5E4-02B9567107B6}
	EndGlobalSection
EndGlobal
